// !$*UTF8*$!
{
	archiveVersion = 1;
	classes = {
	};
	objectVersion = 50;
	objects = {

/* Begin PBXBuildFile section */
		32DCAE90A6F9545E8C122333 /* TalkativeModels.swift in Sources */ = {isa = PBXBuildFile; fileRef = 32DCA53E56BA0EFF642F36F9 /* TalkativeModels.swift */; };
		410F43B926DFB924009217DA /* TalkativeManager.swift in Sources */ = {isa = PBXBuildFile; fileRef = 410F43B826DFB924009217DA /* TalkativeManager.swift */; };
		410F43BB26DFDEE8009217DA /* TalkativeConfig.swift in Sources */ = {isa = PBXBuildFile; fileRef = 410F43BA26DFDEE8009217DA /* TalkativeConfig.swift */; };
		414EE53026E12CE300291987 /* CustomerScriptsEmbedTests.swift in Sources */ = {isa = PBXBuildFile; fileRef = 414EE52F26E12CE300291987 /* CustomerScriptsEmbedTests.swift */; };
		846401352521FDCF0058205D /* AppDelegate.swift in Sources */ = {isa = PBXBuildFile; fileRef = 846401342521FDCF0058205D /* AppDelegate.swift */; };
		846401372521FDCF0058205D /* SceneDelegate.swift in Sources */ = {isa = PBXBuildFile; fileRef = 846401362521FDCF0058205D /* SceneDelegate.swift */; };
		846401392521FDCF0058205D /* ViewController.swift in Sources */ = {isa = PBXBuildFile; fileRef = 846401382521FDCF0058205D /* ViewController.swift */; };
		8464013C2521FDCF0058205D /* Main.storyboard in Resources */ = {isa = PBXBuildFile; fileRef = 8464013A2521FDCF0058205D /* Main.storyboard */; };
		8464013E2521FDD30058205D /* Assets.xcassets in Resources */ = {isa = PBXBuildFile; fileRef = 8464013D2521FDD30058205D /* Assets.xcassets */; };
		846401412521FDD30058205D /* LaunchScreen.storyboard in Resources */ = {isa = PBXBuildFile; fileRef = 8464013F2521FDD30058205D /* LaunchScreen.storyboard */; };
		8464016E252202030058205D /* TalkativeViewController.swift in Sources */ = {isa = PBXBuildFile; fileRef = 8464016D252202030058205D /* TalkativeViewController.swift */; };
		8464017425220A260058205D /* WebKit.framework in Frameworks */ = {isa = PBXBuildFile; fileRef = 8464017325220A260058205D /* WebKit.framework */; };
/* End PBXBuildFile section */

/* Begin PBXContainerItemProxy section */
		414EE53226E12CE300291987 /* PBXContainerItemProxy */ = {
			isa = PBXContainerItemProxy;
			containerPortal = 846401292521FDCF0058205D /* Project object */;
			proxyType = 1;
			remoteGlobalIDString = 846401302521FDCF0058205D;
			remoteInfo = CustomerScriptsEmbed;
		};
/* End PBXContainerItemProxy section */

/* Begin PBXFileReference section */
		32DCA53E56BA0EFF642F36F9 /* TalkativeModels.swift */ = {isa = PBXFileReference; fileEncoding = 4; lastKnownFileType = sourcecode.swift; path = TalkativeModels.swift; sourceTree = "<group>"; };
		410F43B826DFB924009217DA /* TalkativeManager.swift */ = {isa = PBXFileReference; lastKnownFileType = sourcecode.swift; path = TalkativeManager.swift; sourceTree = "<group>"; };
		410F43BA26DFDEE8009217DA /* TalkativeConfig.swift */ = {isa = PBXFileReference; lastKnownFileType = sourcecode.swift; path = TalkativeConfig.swift; sourceTree = "<group>"; };
		414EE52D26E12CE300291987 /* CustomerScriptsEmbedTests.xctest */ = {isa = PBXFileReference; explicitFileType = wrapper.cfbundle; includeInIndex = 0; path = CustomerScriptsEmbedTests.xctest; sourceTree = BUILT_PRODUCTS_DIR; };
		414EE52F26E12CE300291987 /* CustomerScriptsEmbedTests.swift */ = {isa = PBXFileReference; lastKnownFileType = sourcecode.swift; path = CustomerScriptsEmbedTests.swift; sourceTree = "<group>"; };
		414EE53126E12CE300291987 /* Info.plist */ = {isa = PBXFileReference; lastKnownFileType = text.plist.xml; path = Info.plist; sourceTree = "<group>"; };
		846401312521FDCF0058205D /* CustomerScriptsEmbed.app */ = {isa = PBXFileReference; explicitFileType = wrapper.application; includeInIndex = 0; path = CustomerScriptsEmbed.app; sourceTree = BUILT_PRODUCTS_DIR; };
		846401342521FDCF0058205D /* AppDelegate.swift */ = {isa = PBXFileReference; lastKnownFileType = sourcecode.swift; path = AppDelegate.swift; sourceTree = "<group>"; };
		846401362521FDCF0058205D /* SceneDelegate.swift */ = {isa = PBXFileReference; lastKnownFileType = sourcecode.swift; path = SceneDelegate.swift; sourceTree = "<group>"; };
		846401382521FDCF0058205D /* ViewController.swift */ = {isa = PBXFileReference; lastKnownFileType = sourcecode.swift; path = ViewController.swift; sourceTree = "<group>"; };
		8464013B2521FDCF0058205D /* Base */ = {isa = PBXFileReference; lastKnownFileType = file.storyboard; name = Base; path = Base.lproj/Main.storyboard; sourceTree = "<group>"; };
		8464013D2521FDD30058205D /* Assets.xcassets */ = {isa = PBXFileReference; lastKnownFileType = folder.assetcatalog; path = Assets.xcassets; sourceTree = "<group>"; };
		846401402521FDD30058205D /* Base */ = {isa = PBXFileReference; lastKnownFileType = file.storyboard; name = Base; path = Base.lproj/LaunchScreen.storyboard; sourceTree = "<group>"; };
		846401422521FDD30058205D /* Info.plist */ = {isa = PBXFileReference; lastKnownFileType = text.plist.xml; path = Info.plist; sourceTree = "<group>"; };
		8464016D252202030058205D /* TalkativeViewController.swift */ = {isa = PBXFileReference; lastKnownFileType = sourcecode.swift; path = TalkativeViewController.swift; sourceTree = "<group>"; };
		8464017325220A260058205D /* WebKit.framework */ = {isa = PBXFileReference; lastKnownFileType = wrapper.framework; name = WebKit.framework; path = System/Library/Frameworks/WebKit.framework; sourceTree = SDKROOT; };
/* End PBXFileReference section */

/* Begin PBXFrameworksBuildPhase section */
		414EE52A26E12CE300291987 /* Frameworks */ = {
			isa = PBXFrameworksBuildPhase;
			buildActionMask = 2147483647;
			files = (
			);
			runOnlyForDeploymentPostprocessing = 0;
		};
		8464012E2521FDCF0058205D /* Frameworks */ = {
			isa = PBXFrameworksBuildPhase;
			buildActionMask = 2147483647;
			files = (
				8464017425220A260058205D /* WebKit.framework in Frameworks */,
			);
			runOnlyForDeploymentPostprocessing = 0;
		};
/* End PBXFrameworksBuildPhase section */

/* Begin PBXGroup section */
		414EE52E26E12CE300291987 /* CustomerScriptsEmbedTests */ = {
			isa = PBXGroup;
			children = (
				414EE52F26E12CE300291987 /* CustomerScriptsEmbedTests.swift */,
				414EE53126E12CE300291987 /* Info.plist */,
			);
			path = CustomerScriptsEmbedTests;
			sourceTree = "<group>";
		};
		846401282521FDCE0058205D = {
			isa = PBXGroup;
			children = (
				846401332521FDCF0058205D /* CustomerScriptsEmbed */,
				414EE52E26E12CE300291987 /* CustomerScriptsEmbedTests */,
				846401322521FDCF0058205D /* Products */,
				8464017225220A260058205D /* Frameworks */,
			);
			sourceTree = "<group>";
		};
		846401322521FDCF0058205D /* Products */ = {
			isa = PBXGroup;
			children = (
				846401312521FDCF0058205D /* CustomerScriptsEmbed.app */,
				414EE52D26E12CE300291987 /* CustomerScriptsEmbedTests.xctest */,
			);
			name = Products;
			sourceTree = "<group>";
		};
		846401332521FDCF0058205D /* CustomerScriptsEmbed */ = {
			isa = PBXGroup;
			children = (
				A39B435A26C2A1620011DAF0 /* Talkative */,
				846401342521FDCF0058205D /* AppDelegate.swift */,
				846401362521FDCF0058205D /* SceneDelegate.swift */,
				846401382521FDCF0058205D /* ViewController.swift */,
				8464013A2521FDCF0058205D /* Main.storyboard */,
				8464013D2521FDD30058205D /* Assets.xcassets */,
				8464013F2521FDD30058205D /* LaunchScreen.storyboard */,
				846401422521FDD30058205D /* Info.plist */,
			);
			path = CustomerScriptsEmbed;
			sourceTree = "<group>";
		};
		8464017225220A260058205D /* Frameworks */ = {
			isa = PBXGroup;
			children = (
				8464017325220A260058205D /* WebKit.framework */,
			);
			name = Frameworks;
			sourceTree = "<group>";
		};
		A39B435A26C2A1620011DAF0 /* Talkative */ = {
			isa = PBXGroup;
			children = (
				410F43B826DFB924009217DA /* TalkativeManager.swift */,
				32DCA53E56BA0EFF642F36F9 /* TalkativeModels.swift */,
				8464016D252202030058205D /* TalkativeViewController.swift */,
				410F43BA26DFDEE8009217DA /* TalkativeConfig.swift */,
			);
			path = Talkative;
			sourceTree = "<group>";
		};
/* End PBXGroup section */

/* Begin PBXNativeTarget section */
		414EE52C26E12CE300291987 /* CustomerScriptsEmbedTests */ = {
			isa = PBXNativeTarget;
			buildConfigurationList = 414EE53426E12CE300291987 /* Build configuration list for PBXNativeTarget "CustomerScriptsEmbedTests" */;
			buildPhases = (
				414EE52926E12CE300291987 /* Sources */,
				414EE52A26E12CE300291987 /* Frameworks */,
				414EE52B26E12CE300291987 /* Resources */,
			);
			buildRules = (
			);
			dependencies = (
				414EE53326E12CE300291987 /* PBXTargetDependency */,
			);
			name = CustomerScriptsEmbedTests;
			productName = CustomerScriptsEmbedTests;
			productReference = 414EE52D26E12CE300291987 /* CustomerScriptsEmbedTests.xctest */;
			productType = "com.apple.product-type.bundle.unit-test";
		};
		846401302521FDCF0058205D /* CustomerScriptsEmbed */ = {
			isa = PBXNativeTarget;
			buildConfigurationList = 8464015B2521FDD30058205D /* Build configuration list for PBXNativeTarget "CustomerScriptsEmbed" */;
			buildPhases = (
				8464012D2521FDCF0058205D /* Sources */,
				8464012E2521FDCF0058205D /* Frameworks */,
				8464012F2521FDCF0058205D /* Resources */,
			);
			buildRules = (
			);
			dependencies = (
			);
			name = CustomerScriptsEmbed;
			productName = attempt3;
			productReference = 846401312521FDCF0058205D /* CustomerScriptsEmbed.app */;
			productType = "com.apple.product-type.application";
		};
/* End PBXNativeTarget section */

/* Begin PBXProject section */
		846401292521FDCF0058205D /* Project object */ = {
			isa = PBXProject;
			attributes = {
				DefaultBuildSystemTypeForWorkspace = Original;
				LastSwiftUpdateCheck = 1250;
				LastUpgradeCheck = 1200;
				TargetAttributes = {
					414EE52C26E12CE300291987 = {
						CreatedOnToolsVersion = 12.5.1;
						TestTargetID = 846401302521FDCF0058205D;
					};
					846401302521FDCF0058205D = {
						CreatedOnToolsVersion = 12.0.1;
					};
				};
			};
			buildConfigurationList = 8464012C2521FDCF0058205D /* Build configuration list for PBXProject "CustomerScriptsEmbed" */;
			compatibilityVersion = "Xcode 9.3";
			developmentRegion = en;
			hasScannedForEncodings = 0;
			knownRegions = (
				en,
				Base,
			);
			mainGroup = 846401282521FDCE0058205D;
			productRefGroup = 846401322521FDCF0058205D /* Products */;
			projectDirPath = "";
			projectRoot = "";
			targets = (
				846401302521FDCF0058205D /* CustomerScriptsEmbed */,
				414EE52C26E12CE300291987 /* CustomerScriptsEmbedTests */,
			);
		};
/* End PBXProject section */

/* Begin PBXResourcesBuildPhase section */
		414EE52B26E12CE300291987 /* Resources */ = {
			isa = PBXResourcesBuildPhase;
			buildActionMask = 2147483647;
			files = (
			);
			runOnlyForDeploymentPostprocessing = 0;
		};
		8464012F2521FDCF0058205D /* Resources */ = {
			isa = PBXResourcesBuildPhase;
			buildActionMask = 2147483647;
			files = (
				846401412521FDD30058205D /* LaunchScreen.storyboard in Resources */,
				8464013E2521FDD30058205D /* Assets.xcassets in Resources */,
				8464013C2521FDCF0058205D /* Main.storyboard in Resources */,
			);
			runOnlyForDeploymentPostprocessing = 0;
		};
/* End PBXResourcesBuildPhase section */

/* Begin PBXSourcesBuildPhase section */
		414EE52926E12CE300291987 /* Sources */ = {
			isa = PBXSourcesBuildPhase;
			buildActionMask = 2147483647;
			files = (
				414EE53026E12CE300291987 /* CustomerScriptsEmbedTests.swift in Sources */,
			);
			runOnlyForDeploymentPostprocessing = 0;
		};
		8464012D2521FDCF0058205D /* Sources */ = {
			isa = PBXSourcesBuildPhase;
			buildActionMask = 2147483647;
			files = (
				846401392521FDCF0058205D /* ViewController.swift in Sources */,
				410F43B926DFB924009217DA /* TalkativeManager.swift in Sources */,
				846401352521FDCF0058205D /* AppDelegate.swift in Sources */,
				8464016E252202030058205D /* TalkativeViewController.swift in Sources */,
				410F43BB26DFDEE8009217DA /* TalkativeConfig.swift in Sources */,
				846401372521FDCF0058205D /* SceneDelegate.swift in Sources */,
				32DCAE90A6F9545E8C122333 /* TalkativeModels.swift in Sources */,
			);
			runOnlyForDeploymentPostprocessing = 0;
		};
/* End PBXSourcesBuildPhase section */

/* Begin PBXTargetDependency section */
		414EE53326E12CE300291987 /* PBXTargetDependency */ = {
			isa = PBXTargetDependency;
			target = 846401302521FDCF0058205D /* CustomerScriptsEmbed */;
			targetProxy = 414EE53226E12CE300291987 /* PBXContainerItemProxy */;
		};
/* End PBXTargetDependency section */

/* Begin PBXVariantGroup section */
		8464013A2521FDCF0058205D /* Main.storyboard */ = {
			isa = PBXVariantGroup;
			children = (
				8464013B2521FDCF0058205D /* Base */,
			);
			name = Main.storyboard;
			sourceTree = "<group>";
		};
		8464013F2521FDD30058205D /* LaunchScreen.storyboard */ = {
			isa = PBXVariantGroup;
			children = (
				846401402521FDD30058205D /* Base */,
			);
			name = LaunchScreen.storyboard;
			sourceTree = "<group>";
		};
/* End PBXVariantGroup section */

/* Begin XCBuildConfiguration section */
		414EE53526E12CE300291987 /* Debug */ = {
			isa = XCBuildConfiguration;
			buildSettings = {
				BUNDLE_LOADER = "$(TEST_HOST)";
				CODE_SIGN_STYLE = Automatic;
				DEVELOPMENT_TEAM = 5C6693YG48;
				INFOPLIST_FILE = CustomerScriptsEmbedTests/Info.plist;
				IPHONEOS_DEPLOYMENT_TARGET = 14.5;
				LD_RUNPATH_SEARCH_PATHS = (
					"$(inherited)",
					"@executable_path/Frameworks",
					"@loader_path/Frameworks",
				);
				PRODUCT_BUNDLE_IDENTIFIER = com.gettalkative.CustomerScriptsEmbedTests;
				PRODUCT_NAME = "$(TARGET_NAME)";
				SWIFT_VERSION = 5.0;
				TARGETED_DEVICE_FAMILY = "1,2";
				TEST_HOST = "$(BUILT_PRODUCTS_DIR)/CustomerScriptsEmbed.app/CustomerScriptsEmbed";
			};
			name = Debug;
		};
		414EE53626E12CE300291987 /* Release */ = {
			isa = XCBuildConfiguration;
			buildSettings = {
				BUNDLE_LOADER = "$(TEST_HOST)";
				CODE_SIGN_STYLE = Automatic;
				DEVELOPMENT_TEAM = 5C6693YG48;
				INFOPLIST_FILE = CustomerScriptsEmbedTests/Info.plist;
				IPHONEOS_DEPLOYMENT_TARGET = 14.5;
				LD_RUNPATH_SEARCH_PATHS = (
					"$(inherited)",
					"@executable_path/Frameworks",
					"@loader_path/Frameworks",
				);
				PRODUCT_BUNDLE_IDENTIFIER = com.gettalkative.CustomerScriptsEmbedTests;
				PRODUCT_NAME = "$(TARGET_NAME)";
				SWIFT_VERSION = 5.0;
				TARGETED_DEVICE_FAMILY = "1,2";
				TEST_HOST = "$(BUILT_PRODUCTS_DIR)/CustomerScriptsEmbed.app/CustomerScriptsEmbed";
			};
			name = Release;
		};
		846401592521FDD30058205D /* Debug */ = {
			isa = XCBuildConfiguration;
			buildSettings = {
				ALWAYS_SEARCH_USER_PATHS = NO;
				CLANG_ANALYZER_NONNULL = YES;
				CLANG_ANALYZER_NUMBER_OBJECT_CONVERSION = YES_AGGRESSIVE;
				CLANG_CXX_LANGUAGE_STANDARD = "gnu++14";
				CLANG_CXX_LIBRARY = "libc++";
				CLANG_ENABLE_MODULES = YES;
				CLANG_ENABLE_OBJC_ARC = YES;
				CLANG_ENABLE_OBJC_WEAK = YES;
				CLANG_WARN_BLOCK_CAPTURE_AUTORELEASING = YES;
				CLANG_WARN_BOOL_CONVERSION = YES;
				CLANG_WARN_COMMA = YES;
				CLANG_WARN_CONSTANT_CONVERSION = YES;
				CLANG_WARN_DEPRECATED_OBJC_IMPLEMENTATIONS = YES;
				CLANG_WARN_DIRECT_OBJC_ISA_USAGE = YES_ERROR;
				CLANG_WARN_DOCUMENTATION_COMMENTS = YES;
				CLANG_WARN_EMPTY_BODY = YES;
				CLANG_WARN_ENUM_CONVERSION = YES;
				CLANG_WARN_INFINITE_RECURSION = YES;
				CLANG_WARN_INT_CONVERSION = YES;
				CLANG_WARN_NON_LITERAL_NULL_CONVERSION = YES;
				CLANG_WARN_OBJC_IMPLICIT_RETAIN_SELF = YES;
				CLANG_WARN_OBJC_LITERAL_CONVERSION = YES;
				CLANG_WARN_OBJC_ROOT_CLASS = YES_ERROR;
				CLANG_WARN_QUOTED_INCLUDE_IN_FRAMEWORK_HEADER = YES;
				CLANG_WARN_RANGE_LOOP_ANALYSIS = YES;
				CLANG_WARN_STRICT_PROTOTYPES = YES;
				CLANG_WARN_SUSPICIOUS_MOVE = YES;
				CLANG_WARN_UNGUARDED_AVAILABILITY = YES_AGGRESSIVE;
				CLANG_WARN_UNREACHABLE_CODE = YES;
				CLANG_WARN__DUPLICATE_METHOD_MATCH = YES;
				COPY_PHASE_STRIP = NO;
				DEBUG_INFORMATION_FORMAT = dwarf;
				ENABLE_STRICT_OBJC_MSGSEND = YES;
				ENABLE_TESTABILITY = YES;
				GCC_C_LANGUAGE_STANDARD = gnu11;
				GCC_DYNAMIC_NO_PIC = NO;
				GCC_NO_COMMON_BLOCKS = YES;
				GCC_OPTIMIZATION_LEVEL = 0;
				GCC_PREPROCESSOR_DEFINITIONS = (
					"DEBUG=1",
					"$(inherited)",
				);
				GCC_WARN_64_TO_32_BIT_CONVERSION = YES;
				GCC_WARN_ABOUT_RETURN_TYPE = YES_ERROR;
				GCC_WARN_UNDECLARED_SELECTOR = YES;
				GCC_WARN_UNINITIALIZED_AUTOS = YES_AGGRESSIVE;
				GCC_WARN_UNUSED_FUNCTION = YES;
				GCC_WARN_UNUSED_VARIABLE = YES;
				IPHONEOS_DEPLOYMENT_TARGET = 14.0;
				MTL_ENABLE_DEBUG_INFO = INCLUDE_SOURCE;
				MTL_FAST_MATH = YES;
				ONLY_ACTIVE_ARCH = YES;
				SDKROOT = iphoneos;
				SWIFT_ACTIVE_COMPILATION_CONDITIONS = DEBUG;
				SWIFT_OPTIMIZATION_LEVEL = "-Onone";
			};
			name = Debug;
		};
		8464015A2521FDD30058205D /* Release */ = {
			isa = XCBuildConfiguration;
			buildSettings = {
				ALWAYS_SEARCH_USER_PATHS = NO;
				CLANG_ANALYZER_NONNULL = YES;
				CLANG_ANALYZER_NUMBER_OBJECT_CONVERSION = YES_AGGRESSIVE;
				CLANG_CXX_LANGUAGE_STANDARD = "gnu++14";
				CLANG_CXX_LIBRARY = "libc++";
				CLANG_ENABLE_MODULES = YES;
				CLANG_ENABLE_OBJC_ARC = YES;
				CLANG_ENABLE_OBJC_WEAK = YES;
				CLANG_WARN_BLOCK_CAPTURE_AUTORELEASING = YES;
				CLANG_WARN_BOOL_CONVERSION = YES;
				CLANG_WARN_COMMA = YES;
				CLANG_WARN_CONSTANT_CONVERSION = YES;
				CLANG_WARN_DEPRECATED_OBJC_IMPLEMENTATIONS = YES;
				CLANG_WARN_DIRECT_OBJC_ISA_USAGE = YES_ERROR;
				CLANG_WARN_DOCUMENTATION_COMMENTS = YES;
				CLANG_WARN_EMPTY_BODY = YES;
				CLANG_WARN_ENUM_CONVERSION = YES;
				CLANG_WARN_INFINITE_RECURSION = YES;
				CLANG_WARN_INT_CONVERSION = YES;
				CLANG_WARN_NON_LITERAL_NULL_CONVERSION = YES;
				CLANG_WARN_OBJC_IMPLICIT_RETAIN_SELF = YES;
				CLANG_WARN_OBJC_LITERAL_CONVERSION = YES;
				CLANG_WARN_OBJC_ROOT_CLASS = YES_ERROR;
				CLANG_WARN_QUOTED_INCLUDE_IN_FRAMEWORK_HEADER = YES;
				CLANG_WARN_RANGE_LOOP_ANALYSIS = YES;
				CLANG_WARN_STRICT_PROTOTYPES = YES;
				CLANG_WARN_SUSPICIOUS_MOVE = YES;
				CLANG_WARN_UNGUARDED_AVAILABILITY = YES_AGGRESSIVE;
				CLANG_WARN_UNREACHABLE_CODE = YES;
				CLANG_WARN__DUPLICATE_METHOD_MATCH = YES;
				COPY_PHASE_STRIP = NO;
				DEBUG_INFORMATION_FORMAT = "dwarf-with-dsym";
				ENABLE_NS_ASSERTIONS = NO;
				ENABLE_STRICT_OBJC_MSGSEND = YES;
				GCC_C_LANGUAGE_STANDARD = gnu11;
				GCC_NO_COMMON_BLOCKS = YES;
				GCC_WARN_64_TO_32_BIT_CONVERSION = YES;
				GCC_WARN_ABOUT_RETURN_TYPE = YES_ERROR;
				GCC_WARN_UNDECLARED_SELECTOR = YES;
				GCC_WARN_UNINITIALIZED_AUTOS = YES_AGGRESSIVE;
				GCC_WARN_UNUSED_FUNCTION = YES;
				GCC_WARN_UNUSED_VARIABLE = YES;
				IPHONEOS_DEPLOYMENT_TARGET = 14.0;
				MTL_ENABLE_DEBUG_INFO = NO;
				MTL_FAST_MATH = YES;
				SDKROOT = iphoneos;
				SWIFT_COMPILATION_MODE = wholemodule;
				SWIFT_OPTIMIZATION_LEVEL = "-O";
				VALIDATE_PRODUCT = YES;
			};
			name = Release;
		};
		8464015C2521FDD30058205D /* Debug */ = {
			isa = XCBuildConfiguration;
			buildSettings = {
				ASSETCATALOG_COMPILER_APPICON_NAME = AppIcon;
				ASSETCATALOG_COMPILER_GLOBAL_ACCENT_COLOR_NAME = AccentColor;
				CODE_SIGN_STYLE = Automatic;
				DEVELOPMENT_TEAM = 5C6693YG48;
				INFOPLIST_FILE = CustomerScriptsEmbed/info.plist;
				LD_RUNPATH_SEARCH_PATHS = (
					"$(inherited)",
					"@executable_path/Frameworks",
				);
				PRODUCT_BUNDLE_IDENTIFIER = "com.gettalkative.customer-scripts-embed";
				PRODUCT_NAME = "$(TARGET_NAME)";
				SWIFT_VERSION = 5.0;
				TARGETED_DEVICE_FAMILY = "1,2";
			};
			name = Debug;
		};
		8464015D2521FDD30058205D /* Release */ = {
			isa = XCBuildConfiguration;
			buildSettings = {
				ASSETCATALOG_COMPILER_APPICON_NAME = AppIcon;
				ASSETCATALOG_COMPILER_GLOBAL_ACCENT_COLOR_NAME = AccentColor;
				CODE_SIGN_STYLE = Automatic;
				DEVELOPMENT_TEAM = 5C6693YG48;
				INFOPLIST_FILE = CustomerScriptsEmbed/info.plist;
				LD_RUNPATH_SEARCH_PATHS = (
					"$(inherited)",
					"@executable_path/Frameworks",
				);
				PRODUCT_BUNDLE_IDENTIFIER = "com.gettalkative.customer-scripts-embed";
				PRODUCT_NAME = "$(TARGET_NAME)";
				SWIFT_VERSION = 5.0;
				TARGETED_DEVICE_FAMILY = "1,2";
			};
			name = Release;
		};
/* End XCBuildConfiguration section */

/* Begin XCConfigurationList section */
		414EE53426E12CE300291987 /* Build configuration list for PBXNativeTarget "CustomerScriptsEmbedTests" */ = {
			isa = XCConfigurationList;
			buildConfigurations = (
				414EE53526E12CE300291987 /* Debug */,
				414EE53626E12CE300291987 /* Release */,
			);
			defaultConfigurationIsVisible = 0;
			defaultConfigurationName = Release;
		};
		8464012C2521FDCF0058205D /* Build configuration list for PBXProject "CustomerScriptsEmbed" */ = {
			isa = XCConfigurationList;
			buildConfigurations = (
				846401592521FDD30058205D /* Debug */,
				8464015A2521FDD30058205D /* Release */,
			);
			defaultConfigurationIsVisible = 0;
			defaultConfigurationName = Release;
		};
		8464015B2521FDD30058205D /* Build configuration list for PBXNativeTarget "CustomerScriptsEmbed" */ = {
			isa = XCConfigurationList;
			buildConfigurations = (
				8464015C2521FDD30058205D /* Debug */,
				8464015D2521FDD30058205D /* Release */,
			);
			defaultConfigurationIsVisible = 0;
			defaultConfigurationName = Release;
		};
/* End XCConfigurationList section */
	};
	rootObject = 846401292521FDCF0058205D /* Project object */;
}
